// !$*UTF8*$!
{
	archiveVersion = 1;
	classes = {
	};
	objectVersion = 46;
	objects = {

/* Begin PBXBuildFile section */
		824B84C71C9727290009C182 /* main.m in Sources */ = {isa = PBXBuildFile; fileRef = 824B84C61C9727290009C182 /* main.m */; };
		824B84CA1C9727290009C182 /* AppDelegate.m in Sources */ = {isa = PBXBuildFile; fileRef = 824B84C91C9727290009C182 /* AppDelegate.m */; };
		824B84CD1C9727290009C182 /* ViewController.m in Sources */ = {isa = PBXBuildFile; fileRef = 824B84CC1C9727290009C182 /* ViewController.m */; };
		824B84D01C9727290009C182 /* Main.storyboard in Resources */ = {isa = PBXBuildFile; fileRef = 824B84CE1C9727290009C182 /* Main.storyboard */; };
		824B84D21C9727290009C182 /* Assets.xcassets in Resources */ = {isa = PBXBuildFile; fileRef = 824B84D11C9727290009C182 /* Assets.xcassets */; };
		824B84D51C9727290009C182 /* LaunchScreen.storyboard in Resources */ = {isa = PBXBuildFile; fileRef = 824B84D31C9727290009C182 /* LaunchScreen.storyboard */; };
		824B84E01C97272A0009C182 /* BlongTests.m in Sources */ = {isa = PBXBuildFile; fileRef = 824B84DF1C97272A0009C182 /* BlongTests.m */; };
		824B84EB1C97272A0009C182 /* BlongUITests.m in Sources */ = {isa = PBXBuildFile; fileRef = 824B84EA1C97272A0009C182 /* BlongUITests.m */; };
/* End PBXBuildFile section */

/* Begin PBXContainerItemProxy section */
		824B84DC1C97272A0009C182 /* PBXContainerItemProxy */ = {
			isa = PBXContainerItemProxy;
			containerPortal = 824B84BA1C9727290009C182 /* Project object */;
			proxyType = 1;
			remoteGlobalIDString = 824B84C11C9727290009C182;
			remoteInfo = Blong;
		};
		824B84E71C97272A0009C182 /* PBXContainerItemProxy */ = {
			isa = PBXContainerItemProxy;
			containerPortal = 824B84BA1C9727290009C182 /* Project object */;
			proxyType = 1;
			remoteGlobalIDString = 824B84C11C9727290009C182;
			remoteInfo = Blong;
		};
/* End PBXContainerItemProxy section */

/* Begin PBXFileReference section */
		824B84C21C9727290009C182 /* Blong.app */ = {isa = PBXFileReference; explicitFileType = wrapper.application; includeInIndex = 0; path = Blong.app; sourceTree = BUILT_PRODUCTS_DIR; };
		824B84C61C9727290009C182 /* main.m */ = {isa = PBXFileReference; lastKnownFileType = sourcecode.c.objc; path = main.m; sourceTree = "<group>"; };
		824B84C81C9727290009C182 /* AppDelegate.h */ = {isa = PBXFileReference; lastKnownFileType = sourcecode.c.h; path = AppDelegate.h; sourceTree = "<group>"; };
		824B84C91C9727290009C182 /* AppDelegate.m */ = {isa = PBXFileReference; lastKnownFileType = sourcecode.c.objc; path = AppDelegate.m; sourceTree = "<group>"; };
		824B84CB1C9727290009C182 /* ViewController.h */ = {isa = PBXFileReference; lastKnownFileType = sourcecode.c.h; path = ViewController.h; sourceTree = "<group>"; };
		824B84CC1C9727290009C182 /* ViewController.m */ = {isa = PBXFileReference; lastKnownFileType = sourcecode.c.objc; path = ViewController.m; sourceTree = "<group>"; };
		824B84CF1C9727290009C182 /* Base */ = {isa = PBXFileReference; lastKnownFileType = file.storyboard; name = Base; path = Base.lproj/Main.storyboard; sourceTree = "<group>"; };
		824B84D11C9727290009C182 /* Assets.xcassets */ = {isa = PBXFileReference; lastKnownFileType = folder.assetcatalog; path = Assets.xcassets; sourceTree = "<group>"; };
		824B84D41C9727290009C182 /* Base */ = {isa = PBXFileReference; lastKnownFileType = file.storyboard; name = Base; path = Base.lproj/LaunchScreen.storyboard; sourceTree = "<group>"; };
		824B84D61C9727290009C182 /* Info.plist */ = {isa = PBXFileReference; lastKnownFileType = text.plist.xml; path = Info.plist; sourceTree = "<group>"; };
		824B84DB1C97272A0009C182 /* BlongTests.xctest */ = {isa = PBXFileReference; explicitFileType = wrapper.cfbundle; includeInIndex = 0; path = BlongTests.xctest; sourceTree = BUILT_PRODUCTS_DIR; };
		824B84DF1C97272A0009C182 /* BlongTests.m */ = {isa = PBXFileReference; lastKnownFileType = sourcecode.c.objc; path = BlongTests.m; sourceTree = "<group>"; };
		824B84E11C97272A0009C182 /* Info.plist */ = {isa = PBXFileReference; lastKnownFileType = text.plist.xml; path = Info.plist; sourceTree = "<group>"; };
		824B84E61C97272A0009C182 /* BlongUITests.xctest */ = {isa = PBXFileReference; explicitFileType = wrapper.cfbundle; includeInIndex = 0; path = BlongUITests.xctest; sourceTree = BUILT_PRODUCTS_DIR; };
		824B84EA1C97272A0009C182 /* BlongUITests.m */ = {isa = PBXFileReference; lastKnownFileType = sourcecode.c.objc; path = BlongUITests.m; sourceTree = "<group>"; };
		824B84EC1C97272A0009C182 /* Info.plist */ = {isa = PBXFileReference; lastKnownFileType = text.plist.xml; path = Info.plist; sourceTree = "<group>"; };
/* End PBXFileReference section */

/* Begin PBXFrameworksBuildPhase section */
		824B84BF1C9727290009C182 /* Frameworks */ = {
			isa = PBXFrameworksBuildPhase;
			buildActionMask = 2147483647;
			files = (
			);
			runOnlyForDeploymentPostprocessing = 0;
		};
		824B84D81C97272A0009C182 /* Frameworks */ = {
			isa = PBXFrameworksBuildPhase;
			buildActionMask = 2147483647;
			files = (
			);
			runOnlyForDeploymentPostprocessing = 0;
		};
		824B84E31C97272A0009C182 /* Frameworks */ = {
			isa = PBXFrameworksBuildPhase;
			buildActionMask = 2147483647;
			files = (
			);
			runOnlyForDeploymentPostprocessing = 0;
		};
/* End PBXFrameworksBuildPhase section */

/* Begin PBXGroup section */
		824B84B91C9727290009C182 = {
			isa = PBXGroup;
			children = (
				824B84C41C9727290009C182 /* Blong */,
				824B84DE1C97272A0009C182 /* BlongTests */,
				824B84E91C97272A0009C182 /* BlongUITests */,
				824B84C31C9727290009C182 /* Products */,
			);
			sourceTree = "<group>";
		};
		824B84C31C9727290009C182 /* Products */ = {
			isa = PBXGroup;
			children = (
				824B84C21C9727290009C182 /* Blong.app */,
				824B84DB1C97272A0009C182 /* BlongTests.xctest */,
				824B84E61C97272A0009C182 /* BlongUITests.xctest */,
			);
			name = Products;
			sourceTree = "<group>";
		};
		824B84C41C9727290009C182 /* Blong */ = {
			isa = PBXGroup;
			children = (
				824B84C81C9727290009C182 /* AppDelegate.h */,
				824B84C91C9727290009C182 /* AppDelegate.m */,
				824B84CB1C9727290009C182 /* ViewController.h */,
				824B84CC1C9727290009C182 /* ViewController.m */,
				824B84CE1C9727290009C182 /* Main.storyboard */,
				824B84D11C9727290009C182 /* Assets.xcassets */,
				824B84D31C9727290009C182 /* LaunchScreen.storyboard */,
				824B84D61C9727290009C182 /* Info.plist */,
				824B84C51C9727290009C182 /* Supporting Files */,
			);
			path = Blong;
			sourceTree = "<group>";
		};
		824B84C51C9727290009C182 /* Supporting Files */ = {
			isa = PBXGroup;
			children = (
				824B84C61C9727290009C182 /* main.m */,
			);
			name = "Supporting Files";
			sourceTree = "<group>";
		};
		824B84DE1C97272A0009C182 /* BlongTests */ = {
			isa = PBXGroup;
			children = (
				824B84DF1C97272A0009C182 /* BlongTests.m */,
				824B84E11C97272A0009C182 /* Info.plist */,
			);
			path = BlongTests;
			sourceTree = "<group>";
		};
		824B84E91C97272A0009C182 /* BlongUITests */ = {
			isa = PBXGroup;
			children = (
				824B84EA1C97272A0009C182 /* BlongUITests.m */,
				824B84EC1C97272A0009C182 /* Info.plist */,
			);
			path = BlongUITests;
			sourceTree = "<group>";
		};
/* End PBXGroup section */

/* Begin PBXNativeTarget section */
		824B84C11C9727290009C182 /* Blong */ = {
			isa = PBXNativeTarget;
			buildConfigurationList = 824B84EF1C97272A0009C182 /* Build configuration list for PBXNativeTarget "Blong" */;
			buildPhases = (
				824B84BE1C9727290009C182 /* Sources */,
				824B84BF1C9727290009C182 /* Frameworks */,
				824B84C01C9727290009C182 /* Resources */,
			);
			buildRules = (
			);
			dependencies = (
			);
			name = Blong;
			productName = Blong;
			productReference = 824B84C21C9727290009C182 /* Blong.app */;
			productType = "com.apple.product-type.application";
		};
		824B84DA1C97272A0009C182 /* BlongTests */ = {
			isa = PBXNativeTarget;
			buildConfigurationList = 824B84F21C97272A0009C182 /* Build configuration list for PBXNativeTarget "BlongTests" */;
			buildPhases = (
				824B84D71C97272A0009C182 /* Sources */,
				824B84D81C97272A0009C182 /* Frameworks */,
				824B84D91C97272A0009C182 /* Resources */,
			);
			buildRules = (
			);
			dependencies = (
				824B84DD1C97272A0009C182 /* PBXTargetDependency */,
			);
			name = BlongTests;
			productName = BlongTests;
			productReference = 824B84DB1C97272A0009C182 /* BlongTests.xctest */;
			productType = "com.apple.product-type.bundle.unit-test";
		};
		824B84E51C97272A0009C182 /* BlongUITests */ = {
			isa = PBXNativeTarget;
			buildConfigurationList = 824B84F51C97272A0009C182 /* Build configuration list for PBXNativeTarget "BlongUITests" */;
			buildPhases = (
				824B84E21C97272A0009C182 /* Sources */,
				824B84E31C97272A0009C182 /* Frameworks */,
				824B84E41C97272A0009C182 /* Resources */,
			);
			buildRules = (
			);
			dependencies = (
				824B84E81C97272A0009C182 /* PBXTargetDependency */,
			);
			name = BlongUITests;
			productName = BlongUITests;
			productReference = 824B84E61C97272A0009C182 /* BlongUITests.xctest */;
			productType = "com.apple.product-type.bundle.ui-testing";
		};
/* End PBXNativeTarget section */

/* Begin PBXProject section */
		824B84BA1C9727290009C182 /* Project object */ = {
			isa = PBXProject;
			attributes = {
				LastUpgradeCheck = 0720;
				ORGANIZATIONNAME = Ziggy;
				TargetAttributes = {
					824B84C11C9727290009C182 = {
						CreatedOnToolsVersion = 7.2.1;
						DevelopmentTeam = W6PRZME74S;
					};
					824B84DA1C97272A0009C182 = {
						CreatedOnToolsVersion = 7.2.1;
						TestTargetID = 824B84C11C9727290009C182;
					};
					824B84E51C97272A0009C182 = {
						CreatedOnToolsVersion = 7.2.1;
						TestTargetID = 824B84C11C9727290009C182;
					};
				};
			};
			buildConfigurationList = 824B84BD1C9727290009C182 /* Build configuration list for PBXProject "Blong" */;
			compatibilityVersion = "Xcode 3.2";
			developmentRegion = English;
			hasScannedForEncodings = 0;
			knownRegions = (
				en,
				Base,
			);
			mainGroup = 824B84B91C9727290009C182;
			productRefGroup = 824B84C31C9727290009C182 /* Products */;
			projectDirPath = "";
			projectRoot = "";
			targets = (
				824B84C11C9727290009C182 /* Blong */,
				824B84DA1C97272A0009C182 /* BlongTests */,
				824B84E51C97272A0009C182 /* BlongUITests */,
			);
		};
/* End PBXProject section */

/* Begin PBXResourcesBuildPhase section */
		824B84C01C9727290009C182 /* Resources */ = {
			isa = PBXResourcesBuildPhase;
			buildActionMask = 2147483647;
			files = (
				824B84D51C9727290009C182 /* LaunchScreen.storyboard in Resources */,
				824B84D21C9727290009C182 /* Assets.xcassets in Resources */,
				824B84D01C9727290009C182 /* Main.storyboard in Resources */,
			);
			runOnlyForDeploymentPostprocessing = 0;
		};
		824B84D91C97272A0009C182 /* Resources */ = {
			isa = PBXResourcesBuildPhase;
			buildActionMask = 2147483647;
			files = (
			);
			runOnlyForDeploymentPostprocessing = 0;
		};
		824B84E41C97272A0009C182 /* Resources */ = {
			isa = PBXResourcesBuildPhase;
			buildActionMask = 2147483647;
			files = (
			);
			runOnlyForDeploymentPostprocessing = 0;
		};
/* End PBXResourcesBuildPhase section */

/* Begin PBXSourcesBuildPhase section */
		824B84BE1C9727290009C182 /* Sources */ = {
			isa = PBXSourcesBuildPhase;
			buildActionMask = 2147483647;
			files = (
				824B84CD1C9727290009C182 /* ViewController.m in Sources */,
				824B84CA1C9727290009C182 /* AppDelegate.m in Sources */,
				824B84C71C9727290009C182 /* main.m in Sources */,
			);
			runOnlyForDeploymentPostprocessing = 0;
		};
		824B84D71C97272A0009C182 /* Sources */ = {
			isa = PBXSourcesBuildPhase;
			buildActionMask = 2147483647;
			files = (
				824B84E01C97272A0009C182 /* BlongTests.m in Sources */,
			);
			runOnlyForDeploymentPostprocessing = 0;
		};
		824B84E21C97272A0009C182 /* Sources */ = {
			isa = PBXSourcesBuildPhase;
			buildActionMask = 2147483647;
			files = (
				824B84EB1C97272A0009C182 /* BlongUITests.m in Sources */,
			);
			runOnlyForDeploymentPostprocessing = 0;
		};
/* End PBXSourcesBuildPhase section */

/* Begin PBXTargetDependency section */
		824B84DD1C97272A0009C182 /* PBXTargetDependency */ = {
			isa = PBXTargetDependency;
			target = 824B84C11C9727290009C182 /* Blong */;
			targetProxy = 824B84DC1C97272A0009C182 /* PBXContainerItemProxy */;
		};
		824B84E81C97272A0009C182 /* PBXTargetDependency */ = {
			isa = PBXTargetDependency;
			target = 824B84C11C9727290009C182 /* Blong */;
			targetProxy = 824B84E71C97272A0009C182 /* PBXContainerItemProxy */;
		};
/* End PBXTargetDependency section */

/* Begin PBXVariantGroup section */
		824B84CE1C9727290009C182 /* Main.storyboard */ = {
			isa = PBXVariantGroup;
			children = (
				824B84CF1C9727290009C182 /* Base */,
			);
			name = Main.storyboard;
			sourceTree = "<group>";
		};
		824B84D31C9727290009C182 /* LaunchScreen.storyboard */ = {
			isa = PBXVariantGroup;
			children = (
				824B84D41C9727290009C182 /* Base */,
			);
			name = LaunchScreen.storyboard;
			sourceTree = "<group>";
		};
/* End PBXVariantGroup section */

/* Begin XCBuildConfiguration section */
		824B84ED1C97272A0009C182 /* Debug */ = {
			isa = XCBuildConfiguration;
			buildSettings = {
				ALWAYS_SEARCH_USER_PATHS = NO;
				CLANG_CXX_LANGUAGE_STANDARD = "gnu++0x";
				CLANG_CXX_LIBRARY = "libc++";
				CLANG_ENABLE_MODULES = YES;
				CLANG_ENABLE_OBJC_ARC = YES;
				CLANG_WARN_BOOL_CONVERSION = YES;
				CLANG_WARN_CONSTANT_CONVERSION = YES;
				CLANG_WARN_DIRECT_OBJC_ISA_USAGE = YES_ERROR;
				CLANG_WARN_EMPTY_BODY = YES;
				CLANG_WARN_ENUM_CONVERSION = YES;
				CLANG_WARN_INT_CONVERSION = YES;
				CLANG_WARN_OBJC_ROOT_CLASS = YES_ERROR;
				CLANG_WARN_UNREACHABLE_CODE = YES;
				CLANG_WARN__DUPLICATE_METHOD_MATCH = YES;
				"CODE_SIGN_IDENTITY[sdk=iphoneos*]" = "iPhone Developer";
				COPY_PHASE_STRIP = NO;
				DEBUG_INFORMATION_FORMAT = dwarf;
				ENABLE_STRICT_OBJC_MSGSEND = YES;
				ENABLE_TESTABILITY = YES;
				GCC_C_LANGUAGE_STANDARD = gnu99;
				GCC_DYNAMIC_NO_PIC = NO;
				GCC_NO_COMMON_BLOCKS = YES;
				GCC_OPTIMIZATION_LEVEL = 0;
				GCC_PREPROCESSOR_DEFINITIONS = (
					"DEBUG=1",
					"$(inherited)",
				);
				GCC_WARN_64_TO_32_BIT_CONVERSION = YES;
				GCC_WARN_ABOUT_RETURN_TYPE = YES_ERROR;
				GCC_WARN_UNDECLARED_SELECTOR = YES;
				GCC_WARN_UNINITIALIZED_AUTOS = YES_AGGRESSIVE;
				GCC_WARN_UNUSED_FUNCTION = YES;
				GCC_WARN_UNUSED_VARIABLE = YES;
				IPHONEOS_DEPLOYMENT_TARGET = 9.2;
				MTL_ENABLE_DEBUG_INFO = YES;
				ONLY_ACTIVE_ARCH = YES;
				SDKROOT = iphoneos;
				TARGETED_DEVICE_FAMILY = "1,2";
			};
			name = Debug;
		};
		824B84EE1C97272A0009C182 /* Release */ = {
			isa = XCBuildConfiguration;
			buildSettings = {
				ALWAYS_SEARCH_USER_PATHS = NO;
				CLANG_CXX_LANGUAGE_STANDARD = "gnu++0x";
				CLANG_CXX_LIBRARY = "libc++";
				CLANG_ENABLE_MODULES = YES;
				CLANG_ENABLE_OBJC_ARC = YES;
				CLANG_WARN_BOOL_CONVERSION = YES;
				CLANG_WARN_CONSTANT_CONVERSION = YES;
				CLANG_WARN_DIRECT_OBJC_ISA_USAGE = YES_ERROR;
				CLANG_WARN_EMPTY_BODY = YES;
				CLANG_WARN_ENUM_CONVERSION = YES;
				CLANG_WARN_INT_CONVERSION = YES;
				CLANG_WARN_OBJC_ROOT_CLASS = YES_ERROR;
				CLANG_WARN_UNREACHABLE_CODE = YES;
				CLANG_WARN__DUPLICATE_METHOD_MATCH = YES;
				"CODE_SIGN_IDENTITY[sdk=iphoneos*]" = "iPhone Developer";
				COPY_PHASE_STRIP = NO;
				DEBUG_INFORMATION_FORMAT = "dwarf-with-dsym";
				ENABLE_NS_ASSERTIONS = NO;
				ENABLE_STRICT_OBJC_MSGSEND = YES;
				GCC_C_LANGUAGE_STANDARD = gnu99;
				GCC_NO_COMMON_BLOCKS = YES;
				GCC_WARN_64_TO_32_BIT_CONVERSION = YES;
				GCC_WARN_ABOUT_RETURN_TYPE = YES_ERROR;
				GCC_WARN_UNDECLARED_SELECTOR = YES;
				GCC_WARN_UNINITIALIZED_AUTOS = YES_AGGRESSIVE;
				GCC_WARN_UNUSED_FUNCTION = YES;
				GCC_WARN_UNUSED_VARIABLE = YES;
				IPHONEOS_DEPLOYMENT_TARGET = 9.2;
				MTL_ENABLE_DEBUG_INFO = NO;
				SDKROOT = iphoneos;
				TARGETED_DEVICE_FAMILY = "1,2";
				VALIDATE_PRODUCT = YES;
			};
			name = Release;
		};
		824B84F01C97272A0009C182 /* Debug */ = {
			isa = XCBuildConfiguration;
			buildSettings = {
				ASSETCATALOG_COMPILER_APPICON_NAME = AppIcon;
				CODE_SIGN_IDENTITY = "iPhone Developer";
				"CODE_SIGN_IDENTITY[sdk=iphoneos*]" = "iPhone Developer";
				INFOPLIST_FILE = Blong/Info.plist;
				LD_RUNPATH_SEARCH_PATHS = "$(inherited) @executable_path/Frameworks";
				PRODUCT_BUNDLE_IDENTIFIER = com.ziggy.Blong;
				PRODUCT_NAME = "$(TARGET_NAME)";
				PROVISIONING_PROFILE = "";
			};
			name = Debug;
		};
		824B84F11C97272A0009C182 /* Release */ = {
			isa = XCBuildConfiguration;
			buildSettings = {
				ASSETCATALOG_COMPILER_APPICON_NAME = AppIcon;
				CODE_SIGN_IDENTITY = "iPhone Developer";
				"CODE_SIGN_IDENTITY[sdk=iphoneos*]" = "iPhone Developer";
				INFOPLIST_FILE = Blong/Info.plist;
				LD_RUNPATH_SEARCH_PATHS = "$(inherited) @executable_path/Frameworks";
				PRODUCT_BUNDLE_IDENTIFIER = com.ziggy.Blong;
				PRODUCT_NAME = "$(TARGET_NAME)";
				PROVISIONING_PROFILE = "";
			};
			name = Release;
		};
		824B84F31C97272A0009C182 /* Debug */ = {
			isa = XCBuildConfiguration;
			buildSettings = {
				BUNDLE_LOADER = "$(TEST_HOST)";
				INFOPLIST_FILE = BlongTests/Info.plist;
				LD_RUNPATH_SEARCH_PATHS = "$(inherited) @executable_path/Frameworks @loader_path/Frameworks";
				PRODUCT_BUNDLE_IDENTIFIER = com.ziggy.BlongTests;
				PRODUCT_NAME = "$(TARGET_NAME)";
				TEST_HOST = "$(BUILT_PRODUCTS_DIR)/Blong.app/Blong";
			};
			name = Debug;
		};
		824B84F41C97272A0009C182 /* Release */ = {
			isa = XCBuildConfiguration;
			buildSettings = {
				BUNDLE_LOADER = "$(TEST_HOST)";
				INFOPLIST_FILE = BlongTests/Info.plist;
				LD_RUNPATH_SEARCH_PATHS = "$(inherited) @executable_path/Frameworks @loader_path/Frameworks";
				PRODUCT_BUNDLE_IDENTIFIER = com.ziggy.BlongTests;
				PRODUCT_NAME = "$(TARGET_NAME)";
				TEST_HOST = "$(BUILT_PRODUCTS_DIR)/Blong.app/Blong";
			};
			name = Release;
		};
		824B84F61C97272A0009C182 /* Debug */ = {
			isa = XCBuildConfiguration;
			buildSettings = {
				INFOPLIST_FILE = BlongUITests/Info.plist;
				LD_RUNPATH_SEARCH_PATHS = "$(inherited) @executable_path/Frameworks @loader_path/Frameworks";
				PRODUCT_BUNDLE_IDENTIFIER = com.ziggy.BlongUITests;
				PRODUCT_NAME = "$(TARGET_NAME)";
				TEST_TARGET_NAME = Blong;
				USES_XCTRUNNER = YES;
			};
			name = Debug;
		};
		824B84F71C97272A0009C182 /* Release */ = {
			isa = XCBuildConfiguration;
			buildSettings = {
				INFOPLIST_FILE = BlongUITests/Info.plist;
				LD_RUNPATH_SEARCH_PATHS = "$(inherited) @executable_path/Frameworks @loader_path/Frameworks";
				PRODUCT_BUNDLE_IDENTIFIER = com.ziggy.BlongUITests;
				PRODUCT_NAME = "$(TARGET_NAME)";
				TEST_TARGET_NAME = Blong;
				USES_XCTRUNNER = YES;
			};
			name = Release;
		};
/* End XCBuildConfiguration section */

/* Begin XCConfigurationList section */
		824B84BD1C9727290009C182 /* Build configuration list for PBXProject "Blong" */ = {
			isa = XCConfigurationList;
			buildConfigurations = (
				824B84ED1C97272A0009C182 /* Debug */,
				824B84EE1C97272A0009C182 /* Release */,
			);
			defaultConfigurationIsVisible = 0;
			defaultConfigurationName = Release;
		};
		824B84EF1C97272A0009C182 /* Build configuration list for PBXNativeTarget "Blong" */ = {
			isa = XCConfigurationList;
			buildConfigurations = (
				824B84F01C97272A0009C182 /* Debug */,
				824B84F11C97272A0009C182 /* Release */,
			);
			defaultConfigurationIsVisible = 0;
			defaultConfigurationName = Release;
		};
		824B84F21C97272A0009C182 /* Build configuration list for PBXNativeTarget "BlongTests" */ = {
			isa = XCConfigurationList;
			buildConfigurations = (
				824B84F31C97272A0009C182 /* Debug */,
				824B84F41C97272A0009C182 /* Release */,
			);
			defaultConfigurationIsVisible = 0;
			defaultConfigurationName = Release;
		};
		824B84F51C97272A0009C182 /* Build configuration list for PBXNativeTarget "BlongUITests" */ = {
			isa = XCConfigurationList;
			buildConfigurations = (
				824B84F61C97272A0009C182 /* Debug */,
				824B84F71C97272A0009C182 /* Release */,
			);
			defaultConfigurationIsVisible = 0;
			defaultConfigurationName = Release;
		};
/* End XCConfigurationList section */
	};
	rootObject = 824B84BA1C9727290009C182 /* Project object */;
}
